// !$*UTF8*$!
{
	archiveVersion = 1;
	classes = {
	};
	objectVersion = 46;
	objects = {

/* Begin PBXBuildFile section */
		D32FAFF61D46795D009B4A7E /* AppDelegate.swift in Sources */ = {isa = PBXBuildFile; fileRef = D32FAFF51D46795D009B4A7E /* AppDelegate.swift */; };
		D32FB0001D46795D009B4A7E /* LaunchScreen.storyboard in Resources */ = {isa = PBXBuildFile; fileRef = D32FAFFE1D46795D009B4A7E /* LaunchScreen.storyboard */; };
		D32FB00B1D467A16009B4A7E /* MultipeerConnectivity.framework in Frameworks */ = {isa = PBXBuildFile; fileRef = D32FB00A1D467A16009B4A7E /* MultipeerConnectivity.framework */; };
		FAADD0995CD819A9B5C40563 /* NSData+Ext.swift in Sources */ = {isa = PBXBuildFile; fileRef = FAADD932C030B6732CB61CE2 /* NSData+Ext.swift */; };
		FAADD13E3C6FE737B8F1F2E4 /* MCPeer+Ext.swift in Sources */ = {isa = PBXBuildFile; fileRef = FAADD3F4CCAEAA41E8EEC17D /* MCPeer+Ext.swift */; };
		FAADD30E7F978942E0A163A1 /* OutputStream.swift in Sources */ = {isa = PBXBuildFile; fileRef = FAADD7B93CC13082CEF220CA /* OutputStream.swift */; };
		FAADD5AAA7CDFF293563E365 /* InputStream.swift in Sources */ = {isa = PBXBuildFile; fileRef = FAADD6195AF2AAE8B98F1447 /* InputStream.swift */; };
		FAADD5C3DD004A9C6E9E6B78 /* TranslateDataSource.swift in Sources */ = {isa = PBXBuildFile; fileRef = FAADD7FF7A54C2B0D2AA016E /* TranslateDataSource.swift */; };
		FAADD6FE84A1C9BB57B888A9 /* Server.swift in Sources */ = {isa = PBXBuildFile; fileRef = FAADD5823D0524D3CBA8A7DC /* Server.swift */; };
		FAADD799A98AC2EAD502F1E2 /* Streamer.swift in Sources */ = {isa = PBXBuildFile; fileRef = FAADD3C49960AD25930C1604 /* Streamer.swift */; };
		FAADD9440B9966A50439E676 /* Stream.swift in Sources */ = {isa = PBXBuildFile; fileRef = FAADDFC5D48DF3495160A0BD /* Stream.swift */; };
		FAADDBDFE077D0E4CA872EE9 /* OutputDataSource.swift in Sources */ = {isa = PBXBuildFile; fileRef = FAADD280D4ACB3AA925CBCCD /* OutputDataSource.swift */; };
		FAADDFA99CBC1F799DBAA4DF /* Client.swift in Sources */ = {isa = PBXBuildFile; fileRef = FAADD35C94CC7D58FA11FDF5 /* Client.swift */; };
/* End PBXBuildFile section */

/* Begin PBXFileReference section */
		D32FAFF51D46795D009B4A7E /* AppDelegate.swift */ = {isa = PBXFileReference; lastKnownFileType = sourcecode.swift; path = AppDelegate.swift; sourceTree = "<group>"; };
		D32FAFFF1D46795D009B4A7E /* Base */ = {isa = PBXFileReference; lastKnownFileType = file.storyboard; name = Base; path = Base.lproj/LaunchScreen.storyboard; sourceTree = "<group>"; };
		D32FB0011D46795D009B4A7E /* Info.plist */ = {isa = PBXFileReference; lastKnownFileType = text.plist.xml; path = Info.plist; sourceTree = "<group>"; };
		D32FB00A1D467A16009B4A7E /* MultipeerConnectivity.framework */ = {isa = PBXFileReference; lastKnownFileType = wrapper.framework; name = MultipeerConnectivity.framework; path = System/Library/Frameworks/MultipeerConnectivity.framework; sourceTree = SDKROOT; };
		FAADD280D4ACB3AA925CBCCD /* OutputDataSource.swift */ = {isa = PBXFileReference; fileEncoding = 4; lastKnownFileType = sourcecode.swift; path = OutputDataSource.swift; sourceTree = "<group>"; };
		FAADD35C94CC7D58FA11FDF5 /* Client.swift */ = {isa = PBXFileReference; fileEncoding = 4; lastKnownFileType = sourcecode.swift; path = Client.swift; sourceTree = "<group>"; };
		FAADD3C49960AD25930C1604 /* Streamer.swift */ = {isa = PBXFileReference; fileEncoding = 4; lastKnownFileType = sourcecode.swift; path = Streamer.swift; sourceTree = "<group>"; };
		FAADD3F4CCAEAA41E8EEC17D /* MCPeer+Ext.swift */ = {isa = PBXFileReference; fileEncoding = 4; lastKnownFileType = sourcecode.swift; path = "MCPeer+Ext.swift"; sourceTree = "<group>"; };
		FAADD5823D0524D3CBA8A7DC /* Server.swift */ = {isa = PBXFileReference; fileEncoding = 4; lastKnownFileType = sourcecode.swift; path = Server.swift; sourceTree = "<group>"; };
		FAADD6195AF2AAE8B98F1447 /* InputStream.swift */ = {isa = PBXFileReference; fileEncoding = 4; lastKnownFileType = sourcecode.swift; path = InputStream.swift; sourceTree = "<group>"; };
		FAADD7B93CC13082CEF220CA /* OutputStream.swift */ = {isa = PBXFileReference; fileEncoding = 4; lastKnownFileType = sourcecode.swift; path = OutputStream.swift; sourceTree = "<group>"; };
		FAADD7FF7A54C2B0D2AA016E /* TranslateDataSource.swift */ = {isa = PBXFileReference; fileEncoding = 4; lastKnownFileType = sourcecode.swift; path = TranslateDataSource.swift; sourceTree = "<group>"; };
		FAADD932C030B6732CB61CE2 /* NSData+Ext.swift */ = {isa = PBXFileReference; fileEncoding = 4; lastKnownFileType = sourcecode.swift; path = "NSData+Ext.swift"; sourceTree = "<group>"; };
		FAADDEA95707F9A0AD28F03E /* MPCF_Multistream_test-swift.app */ = {isa = PBXFileReference; lastKnownFileType = wrapper.application; name = "MPCF_Multistream_test-swift.app"; path = "../../../../Library/Caches/AppCode2016.2/DerivedData/MPCF_Multistream_test-swift-fccjkoxnkegxfjarzfxyjamembal/Build/Products/Debug-iphoneos/MPCF_Multistream_test-swift.app"; sourceTree = "<group>"; };
		FAADDFC5D48DF3495160A0BD /* Stream.swift */ = {isa = PBXFileReference; fileEncoding = 4; lastKnownFileType = sourcecode.swift; path = Stream.swift; sourceTree = "<group>"; };
/* End PBXFileReference section */

/* Begin PBXFrameworksBuildPhase section */
		D32FAFEF1D46795D009B4A7E /* Frameworks */ = {
			isa = PBXFrameworksBuildPhase;
			buildActionMask = 2147483647;
			files = (
				D32FB00B1D467A16009B4A7E /* MultipeerConnectivity.framework in Frameworks */,
			);
			runOnlyForDeploymentPostprocessing = 0;
		};
/* End PBXFrameworksBuildPhase section */

/* Begin PBXGroup section */
		D32FAFE91D46795D009B4A7E = {
			isa = PBXGroup;
			children = (
				D32FB00A1D467A16009B4A7E /* MultipeerConnectivity.framework */,
				D32FAFF41D46795D009B4A7E /* MPCF_Multistream_test-swift */,
			);
			sourceTree = "<group>";
		};
		D32FAFF41D46795D009B4A7E /* MPCF_Multistream_test-swift */ = {
			isa = PBXGroup;
			children = (
				D32FB0071D46798D009B4A7E /* MPC */,
				D32FAFF51D46795D009B4A7E /* AppDelegate.swift */,
				D32FAFFE1D46795D009B4A7E /* LaunchScreen.storyboard */,
				D32FB0011D46795D009B4A7E /* Info.plist */,
				FAADDB13D46936CA635AE661 /* Stream */,
				FAADD268A94C698648A8C5B5 /* DataSources */,
				FAADD15766B8A475EDDF98E6 /* Products */,
			);
			path = "MPCF_Multistream_test-swift";
			sourceTree = "<group>";
		};
		D32FB0071D46798D009B4A7E /* MPC */ = {
			isa = PBXGroup;
			children = (
				FAADD35C94CC7D58FA11FDF5 /* Client.swift */,
				FAADD5823D0524D3CBA8A7DC /* Server.swift */,
				FAADD3F4CCAEAA41E8EEC17D /* MCPeer+Ext.swift */,
				FAADD3C49960AD25930C1604 /* Streamer.swift */,
			);
			name = MPC;
			sourceTree = "<group>";
		};
		FAADD15766B8A475EDDF98E6 /* Products */ = {
			isa = PBXGroup;
			children = (
				FAADDEA95707F9A0AD28F03E /* MPCF_Multistream_test-swift.app */,
			);
			name = Products;
			path = "../../MPCF_Multistream_test-swift";
			sourceTree = "<group>";
		};
		FAADD268A94C698648A8C5B5 /* DataSources */ = {
			isa = PBXGroup;
			children = (
				FAADD280D4ACB3AA925CBCCD /* OutputDataSource.swift */,
				FAADD7FF7A54C2B0D2AA016E /* TranslateDataSource.swift */,
				FAADD932C030B6732CB61CE2 /* NSData+Ext.swift */,
			);
			name = DataSources;
			sourceTree = "<group>";
		};
		FAADDB13D46936CA635AE661 /* Stream */ = {
			isa = PBXGroup;
			children = (
				FAADD7B93CC13082CEF220CA /* OutputStream.swift */,
				FAADDFC5D48DF3495160A0BD /* Stream.swift */,
				FAADD6195AF2AAE8B98F1447 /* InputStream.swift */,
			);
			name = Stream;
			sourceTree = "<group>";
		};
/* End PBXGroup section */

/* Begin PBXNativeTarget section */
		D32FAFF11D46795D009B4A7E /* MPCF_Multistream_test-swift */ = {
			isa = PBXNativeTarget;
			buildConfigurationList = D32FB0041D46795D009B4A7E /* Build configuration list for PBXNativeTarget "MPCF_Multistream_test-swift" */;
			buildPhases = (
				D32FAFEE1D46795D009B4A7E /* Sources */,
				D32FAFEF1D46795D009B4A7E /* Frameworks */,
				D32FAFF01D46795D009B4A7E /* Resources */,
			);
			buildRules = (
			);
			dependencies = (
			);
			name = "MPCF_Multistream_test-swift";
			productName = "MPCF_Multistream_test-swift";
			productType = "com.apple.product-type.application";
		};
/* End PBXNativeTarget section */

/* Begin PBXProject section */
		D32FAFEA1D46795D009B4A7E /* Project object */ = {
			isa = PBXProject;
			attributes = {
				LastSwiftUpdateCheck = 0730;
				LastUpgradeCheck = 0730;
				ORGANIZATIONNAME = baydet;
				TargetAttributes = {
					D32FAFF11D46795D009B4A7E = {
						CreatedOnToolsVersion = 7.3;
					};
				};
			};
			buildConfigurationList = D32FAFED1D46795D009B4A7E /* Build configuration list for PBXProject "MPCF_Multistream_test-swift" */;
			compatibilityVersion = "Xcode 3.2";
			developmentRegion = English;
			hasScannedForEncodings = 0;
			knownRegions = (
				en,
				Base,
			);
			mainGroup = D32FAFE91D46795D009B4A7E;
			productRefGroup = FAADD15766B8A475EDDF98E6 /* Products */;
			projectDirPath = "";
			projectRoot = "";
			targets = (
				D32FAFF11D46795D009B4A7E /* MPCF_Multistream_test-swift */,
			);
		};
/* End PBXProject section */

/* Begin PBXResourcesBuildPhase section */
		D32FAFF01D46795D009B4A7E /* Resources */ = {
			isa = PBXResourcesBuildPhase;
			buildActionMask = 2147483647;
			files = (
				D32FB0001D46795D009B4A7E /* LaunchScreen.storyboard in Resources */,
			);
			runOnlyForDeploymentPostprocessing = 0;
		};
/* End PBXResourcesBuildPhase section */

/* Begin PBXSourcesBuildPhase section */
		D32FAFEE1D46795D009B4A7E /* Sources */ = {
			isa = PBXSourcesBuildPhase;
			buildActionMask = 2147483647;
			files = (
				D32FAFF61D46795D009B4A7E /* AppDelegate.swift in Sources */,
				FAADDFA99CBC1F799DBAA4DF /* Client.swift in Sources */,
				FAADD6FE84A1C9BB57B888A9 /* Server.swift in Sources */,
				FAADD13E3C6FE737B8F1F2E4 /* MCPeer+Ext.swift in Sources */,
				FAADD30E7F978942E0A163A1 /* OutputStream.swift in Sources */,
				FAADD9440B9966A50439E676 /* Stream.swift in Sources */,
				FAADD5AAA7CDFF293563E365 /* InputStream.swift in Sources */,
				FAADDBDFE077D0E4CA872EE9 /* OutputDataSource.swift in Sources */,
				FAADD5C3DD004A9C6E9E6B78 /* TranslateDataSource.swift in Sources */,
				FAADD799A98AC2EAD502F1E2 /* Streamer.swift in Sources */,
				FAADD0995CD819A9B5C40563 /* NSData+Ext.swift in Sources */,
			);
			runOnlyForDeploymentPostprocessing = 0;
		};
/* End PBXSourcesBuildPhase section */

/* Begin PBXVariantGroup section */
		D32FAFFE1D46795D009B4A7E /* LaunchScreen.storyboard */ = {
			isa = PBXVariantGroup;
			children = (
				D32FAFFF1D46795D009B4A7E /* Base */,
			);
			name = LaunchScreen.storyboard;
			sourceTree = "<group>";
		};
/* End PBXVariantGroup section */

/* Begin XCBuildConfiguration section */
		D32FB0021D46795D009B4A7E /* Debug */ = {
			isa = XCBuildConfiguration;
			buildSettings = {
				ALWAYS_SEARCH_USER_PATHS = NO;
				CLANG_ANALYZER_NONNULL = YES;
				CLANG_CXX_LANGUAGE_STANDARD = "gnu++0x";
				CLANG_CXX_LIBRARY = "libc++";
				CLANG_ENABLE_MODULES = YES;
				CLANG_ENABLE_OBJC_ARC = YES;
				CLANG_WARN_BOOL_CONVERSION = YES;
				CLANG_WARN_CONSTANT_CONVERSION = YES;
				CLANG_WARN_DIRECT_OBJC_ISA_USAGE = YES_ERROR;
				CLANG_WARN_EMPTY_BODY = YES;
				CLANG_WARN_ENUM_CONVERSION = YES;
				CLANG_WARN_INT_CONVERSION = YES;
				CLANG_WARN_OBJC_ROOT_CLASS = YES_ERROR;
				CLANG_WARN_UNREACHABLE_CODE = YES;
				CLANG_WARN__DUPLICATE_METHOD_MATCH = YES;
				"CODE_SIGN_IDENTITY[sdk=iphoneos*]" = "iPhone Developer";
				COPY_PHASE_STRIP = NO;
				DEBUG_INFORMATION_FORMAT = dwarf;
				ENABLE_STRICT_OBJC_MSGSEND = YES;
				ENABLE_TESTABILITY = YES;
				GCC_C_LANGUAGE_STANDARD = gnu99;
				GCC_DYNAMIC_NO_PIC = NO;
				GCC_NO_COMMON_BLOCKS = YES;
				GCC_OPTIMIZATION_LEVEL = 0;
				GCC_PREPROCESSOR_DEFINITIONS = (
					"DEBUG=1",
					"$(inherited)",
				);
				GCC_WARN_64_TO_32_BIT_CONVERSION = YES;
				GCC_WARN_ABOUT_RETURN_TYPE = YES_ERROR;
				GCC_WARN_UNDECLARED_SELECTOR = YES;
				GCC_WARN_UNINITIALIZED_AUTOS = YES_AGGRESSIVE;
				GCC_WARN_UNUSED_FUNCTION = YES;
				GCC_WARN_UNUSED_VARIABLE = YES;
				IPHONEOS_DEPLOYMENT_TARGET = 9.3;
				MTL_ENABLE_DEBUG_INFO = YES;
				ONLY_ACTIVE_ARCH = YES;
				SDKROOT = iphoneos;
				SWIFT_OPTIMIZATION_LEVEL = "-Onone";
				TARGETED_DEVICE_FAMILY = "1,2";
			};
			name = Debug;
		};
		D32FB0031D46795D009B4A7E /* Release */ = {
			isa = XCBuildConfiguration;
			buildSettings = {
				ALWAYS_SEARCH_USER_PATHS = NO;
				CLANG_ANALYZER_NONNULL = YES;
				CLANG_CXX_LANGUAGE_STANDARD = "gnu++0x";
				CLANG_CXX_LIBRARY = "libc++";
				CLANG_ENABLE_MODULES = YES;
				CLANG_ENABLE_OBJC_ARC = YES;
				CLANG_WARN_BOOL_CONVERSION = YES;
				CLANG_WARN_CONSTANT_CONVERSION = YES;
				CLANG_WARN_DIRECT_OBJC_ISA_USAGE = YES_ERROR;
				CLANG_WARN_EMPTY_BODY = YES;
				CLANG_WARN_ENUM_CONVERSION = YES;
				CLANG_WARN_INT_CONVERSION = YES;
				CLANG_WARN_OBJC_ROOT_CLASS = YES_ERROR;
				CLANG_WARN_UNREACHABLE_CODE = YES;
				CLANG_WARN__DUPLICATE_METHOD_MATCH = YES;
				"CODE_SIGN_IDENTITY[sdk=iphoneos*]" = "iPhone Developer";
				COPY_PHASE_STRIP = NO;
				DEBUG_INFORMATION_FORMAT = "dwarf-with-dsym";
				ENABLE_NS_ASSERTIONS = NO;
				ENABLE_STRICT_OBJC_MSGSEND = YES;
				GCC_C_LANGUAGE_STANDARD = gnu99;
				GCC_NO_COMMON_BLOCKS = YES;
				GCC_WARN_64_TO_32_BIT_CONVERSION = YES;
				GCC_WARN_ABOUT_RETURN_TYPE = YES_ERROR;
				GCC_WARN_UNDECLARED_SELECTOR = YES;
				GCC_WARN_UNINITIALIZED_AUTOS = YES_AGGRESSIVE;
				GCC_WARN_UNUSED_FUNCTION = YES;
				GCC_WARN_UNUSED_VARIABLE = YES;
				IPHONEOS_DEPLOYMENT_TARGET = 9.3;
				MTL_ENABLE_DEBUG_INFO = NO;
				SDKROOT = iphoneos;
				TARGETED_DEVICE_FAMILY = "1,2";
				VALIDATE_PRODUCT = YES;
			};
			name = Release;
		};
		D32FB0051D46795D009B4A7E /* Debug */ = {
			isa = XCBuildConfiguration;
			buildSettings = {
				INFOPLIST_FILE = "MPCF_Multistream_test-swift/Info.plist";
				IPHONEOS_DEPLOYMENT_TARGET = 9.0;
				LD_RUNPATH_SEARCH_PATHS = "$(inherited) @executable_path/Frameworks";
				PRODUCT_BUNDLE_IDENTIFIER = "by.baydet.MPCF-Multistream-test-swift";
				PRODUCT_NAME = "$(TARGET_NAME)";
			};
			name = Debug;
		};
		D32FB0061D46795D009B4A7E /* Release */ = {
			isa = XCBuildConfiguration;
			buildSettings = {
				INFOPLIST_FILE = "MPCF_Multistream_test-swift/Info.plist";
				IPHONEOS_DEPLOYMENT_TARGET = 9.0;
				LD_RUNPATH_SEARCH_PATHS = "$(inherited) @executable_path/Frameworks";
				PRODUCT_BUNDLE_IDENTIFIER = "by.baydet.MPCF-Multistream-test-swift";
				PRODUCT_NAME = "$(TARGET_NAME)";
			};
			name = Release;
		};
/* End XCBuildConfiguration section */

/* Begin XCConfigurationList section */
		D32FAFED1D46795D009B4A7E /* Build configuration list for PBXProject "MPCF_Multistream_test-swift" */ = {
			isa = XCConfigurationList;
			buildConfigurations = (
				D32FB0021D46795D009B4A7E /* Debug */,
				D32FB0031D46795D009B4A7E /* Release */,
			);
			defaultConfigurationIsVisible = 0;
			defaultConfigurationName = Release;
		};
		D32FB0041D46795D009B4A7E /* Build configuration list for PBXNativeTarget "MPCF_Multistream_test-swift" */ = {
			isa = XCConfigurationList;
			buildConfigurations = (
				D32FB0051D46795D009B4A7E /* Debug */,
				D32FB0061D46795D009B4A7E /* Release */,
			);
			defaultConfigurationIsVisible = 0;
			defaultConfigurationName = Release;
		};
/* End XCConfigurationList section */
	};
	rootObject = D32FAFEA1D46795D009B4A7E /* Project object */;
}
