// !$*UTF8*$!
{
	archiveVersion = 1;
	classes = {
	};
	objectVersion = 46;
	objects = {

/* Begin PBXBuildFile section */
		D3F3B04D1D5A3D4F003C6664 /* Advertiser.swift in Sources */ = {isa = PBXBuildFile; fileRef = D3F3B03C1D5A3D4F003C6664 /* Advertiser.swift */; };
		D3F3B04E1D5A3D4F003C6664 /* AppDelegate.swift in Sources */ = {isa = PBXBuildFile; fileRef = D3F3B03D1D5A3D4F003C6664 /* AppDelegate.swift */; };
		D3F3B0501D5A3D4F003C6664 /* Browser.swift in Sources */ = {isa = PBXBuildFile; fileRef = D3F3B0411D5A3D4F003C6664 /* Browser.swift */; };
		D3F3B0511D5A3D4F003C6664 /* DataComparator.swift in Sources */ = {isa = PBXBuildFile; fileRef = D3F3B0421D5A3D4F003C6664 /* DataComparator.swift */; };
		D3F3B0521D5A3D4F003C6664 /* Info.plist in Resources */ = {isa = PBXBuildFile; fileRef = D3F3B0431D5A3D4F003C6664 /* Info.plist */; };
		D3F3B0531D5A3D4F003C6664 /* InputStream.swift in Sources */ = {isa = PBXBuildFile; fileRef = D3F3B0441D5A3D4F003C6664 /* InputStream.swift */; };
		D3F3B0541D5A3D4F003C6664 /* Locking.swift in Sources */ = {isa = PBXBuildFile; fileRef = D3F3B0451D5A3D4F003C6664 /* Locking.swift */; };
		D3F3B0551D5A3D4F003C6664 /* MCPeer+Ext.swift in Sources */ = {isa = PBXBuildFile; fileRef = D3F3B0461D5A3D4F003C6664 /* MCPeer+Ext.swift */; };
		D3F3B0561D5A3D4F003C6664 /* NSData+Ext.swift in Sources */ = {isa = PBXBuildFile; fileRef = D3F3B0471D5A3D4F003C6664 /* NSData+Ext.swift */; };
		D3F3B0571D5A3D4F003C6664 /* OutputDataSource.swift in Sources */ = {isa = PBXBuildFile; fileRef = D3F3B0481D5A3D4F003C6664 /* OutputDataSource.swift */; };
		D3F3B0581D5A3D4F003C6664 /* OutputStream.swift in Sources */ = {isa = PBXBuildFile; fileRef = D3F3B0491D5A3D4F003C6664 /* OutputStream.swift */; };
		D3F3B0591D5A3D4F003C6664 /* ReplicateDataSource.swift in Sources */ = {isa = PBXBuildFile; fileRef = D3F3B04A1D5A3D4F003C6664 /* ReplicateDataSource.swift */; };
		D3F3B05A1D5A3D4F003C6664 /* Stream.swift in Sources */ = {isa = PBXBuildFile; fileRef = D3F3B04B1D5A3D4F003C6664 /* Stream.swift */; };
		D3F3B05B1D5A3D4F003C6664 /* Streamer.swift in Sources */ = {isa = PBXBuildFile; fileRef = D3F3B04C1D5A3D4F003C6664 /* Streamer.swift */; };
/* End PBXBuildFile section */

/* Begin PBXContainerItemProxy section */
		D3F3B02E1D5A3D14003C6664 /* PBXContainerItemProxy */ = {
			isa = PBXContainerItemProxy;
			containerPortal = D3F3B0111D5A3D14003C6664 /* Project object */;
			proxyType = 1;
			remoteGlobalIDString = D3F3B0181D5A3D14003C6664;
			remoteInfo = "MPCF_Multistream_test-swift";
		};
/* End PBXContainerItemProxy section */

/* Begin PBXFileReference section */
		D3F3B0191D5A3D14003C6664 /* MPCF_Multistream_test-swift.app */ = {isa = PBXFileReference; explicitFileType = wrapper.application; includeInIndex = 0; path = "MPCF_Multistream_test-swift.app"; sourceTree = BUILT_PRODUCTS_DIR; };
		D3F3B02D1D5A3D14003C6664 /* MPCF_Multistream_test-swiftTests.xctest */ = {isa = PBXFileReference; explicitFileType = wrapper.cfbundle; includeInIndex = 0; path = "MPCF_Multistream_test-swiftTests.xctest"; sourceTree = BUILT_PRODUCTS_DIR; };
		D3F3B03C1D5A3D4F003C6664 /* Advertiser.swift */ = {isa = PBXFileReference; fileEncoding = 4; lastKnownFileType = sourcecode.swift; path = Advertiser.swift; sourceTree = "<group>"; };
		D3F3B03D1D5A3D4F003C6664 /* AppDelegate.swift */ = {isa = PBXFileReference; fileEncoding = 4; lastKnownFileType = sourcecode.swift; path = AppDelegate.swift; sourceTree = "<group>"; };
		D3F3B0411D5A3D4F003C6664 /* Browser.swift */ = {isa = PBXFileReference; fileEncoding = 4; lastKnownFileType = sourcecode.swift; path = Browser.swift; sourceTree = "<group>"; };
		D3F3B0421D5A3D4F003C6664 /* DataComparator.swift */ = {isa = PBXFileReference; fileEncoding = 4; lastKnownFileType = sourcecode.swift; path = DataComparator.swift; sourceTree = "<group>"; };
		D3F3B0431D5A3D4F003C6664 /* Info.plist */ = {isa = PBXFileReference; fileEncoding = 4; lastKnownFileType = text.plist.xml; path = Info.plist; sourceTree = "<group>"; };
		D3F3B0441D5A3D4F003C6664 /* InputStream.swift */ = {isa = PBXFileReference; fileEncoding = 4; lastKnownFileType = sourcecode.swift; path = InputStream.swift; sourceTree = "<group>"; };
		D3F3B0451D5A3D4F003C6664 /* Locking.swift */ = {isa = PBXFileReference; fileEncoding = 4; lastKnownFileType = sourcecode.swift; path = Locking.swift; sourceTree = "<group>"; };
		D3F3B0461D5A3D4F003C6664 /* MCPeer+Ext.swift */ = {isa = PBXFileReference; fileEncoding = 4; lastKnownFileType = sourcecode.swift; path = "MCPeer+Ext.swift"; sourceTree = "<group>"; };
		D3F3B0471D5A3D4F003C6664 /* NSData+Ext.swift */ = {isa = PBXFileReference; fileEncoding = 4; lastKnownFileType = sourcecode.swift; path = "NSData+Ext.swift"; sourceTree = "<group>"; };
		D3F3B0481D5A3D4F003C6664 /* OutputDataSource.swift */ = {isa = PBXFileReference; fileEncoding = 4; lastKnownFileType = sourcecode.swift; path = OutputDataSource.swift; sourceTree = "<group>"; };
		D3F3B0491D5A3D4F003C6664 /* OutputStream.swift */ = {isa = PBXFileReference; fileEncoding = 4; lastKnownFileType = sourcecode.swift; path = OutputStream.swift; sourceTree = "<group>"; };
		D3F3B04A1D5A3D4F003C6664 /* ReplicateDataSource.swift */ = {isa = PBXFileReference; fileEncoding = 4; lastKnownFileType = sourcecode.swift; path = ReplicateDataSource.swift; sourceTree = "<group>"; };
		D3F3B04B1D5A3D4F003C6664 /* Stream.swift */ = {isa = PBXFileReference; fileEncoding = 4; lastKnownFileType = sourcecode.swift; path = Stream.swift; sourceTree = "<group>"; };
		D3F3B04C1D5A3D4F003C6664 /* Streamer.swift */ = {isa = PBXFileReference; fileEncoding = 4; lastKnownFileType = sourcecode.swift; path = Streamer.swift; sourceTree = "<group>"; };
/* End PBXFileReference section */

/* Begin PBXFrameworksBuildPhase section */
		D3F3B0161D5A3D14003C6664 /* Frameworks */ = {
			isa = PBXFrameworksBuildPhase;
			buildActionMask = 2147483647;
			files = (
			);
			runOnlyForDeploymentPostprocessing = 0;
		};
		D3F3B02A1D5A3D14003C6664 /* Frameworks */ = {
			isa = PBXFrameworksBuildPhase;
			buildActionMask = 2147483647;
			files = (
			);
			runOnlyForDeploymentPostprocessing = 0;
		};
/* End PBXFrameworksBuildPhase section */

/* Begin PBXGroup section */
		D3F3B0101D5A3D14003C6664 = {
			isa = PBXGroup;
			children = (
				D3F3B01B1D5A3D14003C6664 /* MPCF_Multistream_test-swift */,
				D3F3B01A1D5A3D14003C6664 /* Products */,
			);
			sourceTree = "<group>";
		};
		D3F3B01A1D5A3D14003C6664 /* Products */ = {
			isa = PBXGroup;
			children = (
				D3F3B0191D5A3D14003C6664 /* MPCF_Multistream_test-swift.app */,
				D3F3B02D1D5A3D14003C6664 /* MPCF_Multistream_test-swiftTests.xctest */,
			);
			name = Products;
			sourceTree = "<group>";
		};
		D3F3B01B1D5A3D14003C6664 /* MPCF_Multistream_test-swift */ = {
			isa = PBXGroup;
			children = (
				D3F3B03C1D5A3D4F003C6664 /* Advertiser.swift */,
				D3F3B03D1D5A3D4F003C6664 /* AppDelegate.swift */,
				D3F3B0411D5A3D4F003C6664 /* Browser.swift */,
				D3F3B0421D5A3D4F003C6664 /* DataComparator.swift */,
				D3F3B0431D5A3D4F003C6664 /* Info.plist */,
				D3F3B0441D5A3D4F003C6664 /* InputStream.swift */,
				D3F3B0451D5A3D4F003C6664 /* Locking.swift */,
				D3F3B0461D5A3D4F003C6664 /* MCPeer+Ext.swift */,
				D3F3B0471D5A3D4F003C6664 /* NSData+Ext.swift */,
				D3F3B0481D5A3D4F003C6664 /* OutputDataSource.swift */,
				D3F3B0491D5A3D4F003C6664 /* OutputStream.swift */,
				D3F3B04A1D5A3D4F003C6664 /* ReplicateDataSource.swift */,
				D3F3B04B1D5A3D4F003C6664 /* Stream.swift */,
				D3F3B04C1D5A3D4F003C6664 /* Streamer.swift */,
			);
			path = "MPCF_Multistream_test-swift";
			sourceTree = "<group>";
		};
/* End PBXGroup section */

/* Begin PBXNativeTarget section */
		D3F3B0181D5A3D14003C6664 /* MPCF_Multistream_test-swift */ = {
			isa = PBXNativeTarget;
			buildConfigurationList = D3F3B0361D5A3D14003C6664 /* Build configuration list for PBXNativeTarget "MPCF_Multistream_test-swift" */;
			buildPhases = (
				D3F3B0151D5A3D14003C6664 /* Sources */,
				D3F3B0161D5A3D14003C6664 /* Frameworks */,
				D3F3B0171D5A3D14003C6664 /* Resources */,
			);
			buildRules = (
			);
			dependencies = (
			);
			name = "MPCF_Multistream_test-swift";
			productName = "MPCF_Multistream_test-swift";
			productReference = D3F3B0191D5A3D14003C6664 /* MPCF_Multistream_test-swift.app */;
			productType = "com.apple.product-type.application";
		};
		D3F3B02C1D5A3D14003C6664 /* MPCF_Multistream_test-swiftTests */ = {
			isa = PBXNativeTarget;
			buildConfigurationList = D3F3B0391D5A3D14003C6664 /* Build configuration list for PBXNativeTarget "MPCF_Multistream_test-swiftTests" */;
			buildPhases = (
				D3F3B0291D5A3D14003C6664 /* Sources */,
				D3F3B02A1D5A3D14003C6664 /* Frameworks */,
				D3F3B02B1D5A3D14003C6664 /* Resources */,
			);
			buildRules = (
			);
			dependencies = (
				D3F3B02F1D5A3D14003C6664 /* PBXTargetDependency */,
			);
			name = "MPCF_Multistream_test-swiftTests";
			productName = "MPCF_Multistream_test-swiftTests";
			productReference = D3F3B02D1D5A3D14003C6664 /* MPCF_Multistream_test-swiftTests.xctest */;
			productType = "com.apple.product-type.bundle.unit-test";
		};
/* End PBXNativeTarget section */

/* Begin PBXProject section */
		D3F3B0111D5A3D14003C6664 /* Project object */ = {
			isa = PBXProject;
			attributes = {
				LastSwiftUpdateCheck = 0730;
				LastUpgradeCheck = 0730;
				ORGANIZATIONNAME = Thali;
				TargetAttributes = {
					D3F3B0181D5A3D14003C6664 = {
						CreatedOnToolsVersion = 7.3;
					};
					D3F3B02C1D5A3D14003C6664 = {
						CreatedOnToolsVersion = 7.3;
						TestTargetID = D3F3B0181D5A3D14003C6664;
					};
				};
			};
			buildConfigurationList = D3F3B0141D5A3D14003C6664 /* Build configuration list for PBXProject "MPCF_Multistream_test-swift" */;
			compatibilityVersion = "Xcode 3.2";
			developmentRegion = English;
			hasScannedForEncodings = 0;
			knownRegions = (
				en,
				Base,
			);
			mainGroup = D3F3B0101D5A3D14003C6664;
			productRefGroup = D3F3B01A1D5A3D14003C6664 /* Products */;
			projectDirPath = "";
			projectRoot = "";
			targets = (
				D3F3B0181D5A3D14003C6664 /* MPCF_Multistream_test-swift */,
				D3F3B02C1D5A3D14003C6664 /* MPCF_Multistream_test-swiftTests */,
			);
		};
/* End PBXProject section */

/* Begin PBXResourcesBuildPhase section */
		D3F3B0171D5A3D14003C6664 /* Resources */ = {
			isa = PBXResourcesBuildPhase;
			buildActionMask = 2147483647;
			files = (
				D3F3B0521D5A3D4F003C6664 /* Info.plist in Resources */,
			);
			runOnlyForDeploymentPostprocessing = 0;
		};
		D3F3B02B1D5A3D14003C6664 /* Resources */ = {
			isa = PBXResourcesBuildPhase;
			buildActionMask = 2147483647;
			files = (
			);
			runOnlyForDeploymentPostprocessing = 0;
		};
/* End PBXResourcesBuildPhase section */

/* Begin PBXSourcesBuildPhase section */
		D3F3B0151D5A3D14003C6664 /* Sources */ = {
			isa = PBXSourcesBuildPhase;
			buildActionMask = 2147483647;
			files = (
				D3F3B04E1D5A3D4F003C6664 /* AppDelegate.swift in Sources */,
				D3F3B0511D5A3D4F003C6664 /* DataComparator.swift in Sources */,
				D3F3B0581D5A3D4F003C6664 /* OutputStream.swift in Sources */,
				D3F3B0561D5A3D4F003C6664 /* NSData+Ext.swift in Sources */,
				D3F3B0571D5A3D4F003C6664 /* OutputDataSource.swift in Sources */,
				D3F3B04D1D5A3D4F003C6664 /* Advertiser.swift in Sources */,
				D3F3B0501D5A3D4F003C6664 /* Browser.swift in Sources */,
				D3F3B05A1D5A3D4F003C6664 /* Stream.swift in Sources */,
				D3F3B0591D5A3D4F003C6664 /* ReplicateDataSource.swift in Sources */,
				D3F3B0531D5A3D4F003C6664 /* InputStream.swift in Sources */,
				D3F3B0541D5A3D4F003C6664 /* Locking.swift in Sources */,
				D3F3B0551D5A3D4F003C6664 /* MCPeer+Ext.swift in Sources */,
				D3F3B05B1D5A3D4F003C6664 /* Streamer.swift in Sources */,
			);
			runOnlyForDeploymentPostprocessing = 0;
		};
		D3F3B0291D5A3D14003C6664 /* Sources */ = {
			isa = PBXSourcesBuildPhase;
			buildActionMask = 2147483647;
			files = (
			);
			runOnlyForDeploymentPostprocessing = 0;
		};
/* End PBXSourcesBuildPhase section */

/* Begin PBXTargetDependency section */
		D3F3B02F1D5A3D14003C6664 /* PBXTargetDependency */ = {
			isa = PBXTargetDependency;
			target = D3F3B0181D5A3D14003C6664 /* MPCF_Multistream_test-swift */;
			targetProxy = D3F3B02E1D5A3D14003C6664 /* PBXContainerItemProxy */;
		};
/* End PBXTargetDependency section */

/* Begin XCBuildConfiguration section */
		D3F3B0341D5A3D14003C6664 /* Debug */ = {
			isa = XCBuildConfiguration;
			buildSettings = {
				ALWAYS_SEARCH_USER_PATHS = NO;
				CLANG_ANALYZER_NONNULL = YES;
				CLANG_CXX_LANGUAGE_STANDARD = "gnu++0x";
				CLANG_CXX_LIBRARY = "libc++";
				CLANG_ENABLE_MODULES = YES;
				CLANG_ENABLE_OBJC_ARC = YES;
				CLANG_WARN_BOOL_CONVERSION = YES;
				CLANG_WARN_CONSTANT_CONVERSION = YES;
				CLANG_WARN_DIRECT_OBJC_ISA_USAGE = YES_ERROR;
				CLANG_WARN_EMPTY_BODY = YES;
				CLANG_WARN_ENUM_CONVERSION = YES;
				CLANG_WARN_INT_CONVERSION = YES;
				CLANG_WARN_OBJC_ROOT_CLASS = YES_ERROR;
				CLANG_WARN_UNREACHABLE_CODE = YES;
				CLANG_WARN__DUPLICATE_METHOD_MATCH = YES;
				"CODE_SIGN_IDENTITY[sdk=iphoneos*]" = "iPhone Developer";
				COPY_PHASE_STRIP = NO;
				DEBUG_INFORMATION_FORMAT = dwarf;
				ENABLE_STRICT_OBJC_MSGSEND = YES;
				ENABLE_TESTABILITY = YES;
				GCC_C_LANGUAGE_STANDARD = gnu99;
				GCC_DYNAMIC_NO_PIC = NO;
				GCC_NO_COMMON_BLOCKS = YES;
				GCC_OPTIMIZATION_LEVEL = 0;
				GCC_PREPROCESSOR_DEFINITIONS = (
					"DEBUG=1",
					"$(inherited)",
				);
				GCC_WARN_64_TO_32_BIT_CONVERSION = YES;
				GCC_WARN_ABOUT_RETURN_TYPE = YES_ERROR;
				GCC_WARN_UNDECLARED_SELECTOR = YES;
				GCC_WARN_UNINITIALIZED_AUTOS = YES_AGGRESSIVE;
				GCC_WARN_UNUSED_FUNCTION = YES;
				GCC_WARN_UNUSED_VARIABLE = YES;
				IPHONEOS_DEPLOYMENT_TARGET = 9.3;
				MTL_ENABLE_DEBUG_INFO = YES;
				ONLY_ACTIVE_ARCH = YES;
				SDKROOT = iphoneos;
				SWIFT_OPTIMIZATION_LEVEL = "-Onone";
				TARGETED_DEVICE_FAMILY = "1,2";
			};
			name = Debug;
		};
		D3F3B0351D5A3D14003C6664 /* Release */ = {
			isa = XCBuildConfiguration;
			buildSettings = {
				ALWAYS_SEARCH_USER_PATHS = NO;
				CLANG_ANALYZER_NONNULL = YES;
				CLANG_CXX_LANGUAGE_STANDARD = "gnu++0x";
				CLANG_CXX_LIBRARY = "libc++";
				CLANG_ENABLE_MODULES = YES;
				CLANG_ENABLE_OBJC_ARC = YES;
				CLANG_WARN_BOOL_CONVERSION = YES;
				CLANG_WARN_CONSTANT_CONVERSION = YES;
				CLANG_WARN_DIRECT_OBJC_ISA_USAGE = YES_ERROR;
				CLANG_WARN_EMPTY_BODY = YES;
				CLANG_WARN_ENUM_CONVERSION = YES;
				CLANG_WARN_INT_CONVERSION = YES;
				CLANG_WARN_OBJC_ROOT_CLASS = YES_ERROR;
				CLANG_WARN_UNREACHABLE_CODE = YES;
				CLANG_WARN__DUPLICATE_METHOD_MATCH = YES;
				"CODE_SIGN_IDENTITY[sdk=iphoneos*]" = "iPhone Developer";
				COPY_PHASE_STRIP = NO;
				DEBUG_INFORMATION_FORMAT = "dwarf-with-dsym";
				ENABLE_NS_ASSERTIONS = NO;
				ENABLE_STRICT_OBJC_MSGSEND = YES;
				GCC_C_LANGUAGE_STANDARD = gnu99;
				GCC_NO_COMMON_BLOCKS = YES;
				GCC_WARN_64_TO_32_BIT_CONVERSION = YES;
				GCC_WARN_ABOUT_RETURN_TYPE = YES_ERROR;
				GCC_WARN_UNDECLARED_SELECTOR = YES;
				GCC_WARN_UNINITIALIZED_AUTOS = YES_AGGRESSIVE;
				GCC_WARN_UNUSED_FUNCTION = YES;
				GCC_WARN_UNUSED_VARIABLE = YES;
				IPHONEOS_DEPLOYMENT_TARGET = 9.3;
				MTL_ENABLE_DEBUG_INFO = NO;
				SDKROOT = iphoneos;
				TARGETED_DEVICE_FAMILY = "1,2";
				VALIDATE_PRODUCT = YES;
			};
			name = Release;
		};
		D3F3B0371D5A3D14003C6664 /* Debug */ = {
			isa = XCBuildConfiguration;
			buildSettings = {
				CLANG_ENABLE_MODULES = YES;
				INFOPLIST_FILE = "MPCF_Multistream_test-swift/Info.plist";
				LD_RUNPATH_SEARCH_PATHS = "$(inherited) @executable_path/Frameworks";
				PRODUCT_BUNDLE_IDENTIFIER = "org.thaliproject.MPCF-Multistream-test-swift";
				PRODUCT_NAME = "$(TARGET_NAME)";
				SWIFT_OPTIMIZATION_LEVEL = "-Onone";
			};
			name = Debug;
		};
		D3F3B0381D5A3D14003C6664 /* Release */ = {
			isa = XCBuildConfiguration;
			buildSettings = {
				CLANG_ENABLE_MODULES = YES;
				INFOPLIST_FILE = "MPCF_Multistream_test-swift/Info.plist";
				LD_RUNPATH_SEARCH_PATHS = "$(inherited) @executable_path/Frameworks";
				PRODUCT_BUNDLE_IDENTIFIER = "org.thaliproject.MPCF-Multistream-test-swift";
				PRODUCT_NAME = "$(TARGET_NAME)";
			};
			name = Release;
		};
		D3F3B03A1D5A3D14003C6664 /* Debug */ = {
			isa = XCBuildConfiguration;
			buildSettings = {
				BUNDLE_LOADER = "$(TEST_HOST)";
				INFOPLIST_FILE = "MPCF_Multistream_test-swiftTests/Info.plist";
				LD_RUNPATH_SEARCH_PATHS = "$(inherited) @executable_path/Frameworks @loader_path/Frameworks";
				PRODUCT_BUNDLE_IDENTIFIER = "org.thaliproject.MPCF-Multistream-test-swiftTests";
				PRODUCT_NAME = "$(TARGET_NAME)";
				TEST_HOST = "$(BUILT_PRODUCTS_DIR)/MPCF_Multistream_test-swift.app/MPCF_Multistream_test-swift";
			};
			name = Debug;
		};
		D3F3B03B1D5A3D14003C6664 /* Release */ = {
			isa = XCBuildConfiguration;
			buildSettings = {
				BUNDLE_LOADER = "$(TEST_HOST)";
				INFOPLIST_FILE = "MPCF_Multistream_test-swiftTests/Info.plist";
				LD_RUNPATH_SEARCH_PATHS = "$(inherited) @executable_path/Frameworks @loader_path/Frameworks";
				PRODUCT_BUNDLE_IDENTIFIER = "org.thaliproject.MPCF-Multistream-test-swiftTests";
				PRODUCT_NAME = "$(TARGET_NAME)";
				TEST_HOST = "$(BUILT_PRODUCTS_DIR)/MPCF_Multistream_test-swift.app/MPCF_Multistream_test-swift";
			};
			name = Release;
		};
/* End XCBuildConfiguration section */

/* Begin XCConfigurationList section */
		D3F3B0141D5A3D14003C6664 /* Build configuration list for PBXProject "MPCF_Multistream_test-swift" */ = {
			isa = XCConfigurationList;
			buildConfigurations = (
				D3F3B0341D5A3D14003C6664 /* Debug */,
				D3F3B0351D5A3D14003C6664 /* Release */,
			);
			defaultConfigurationIsVisible = 0;
			defaultConfigurationName = Release;
		};
		D3F3B0361D5A3D14003C6664 /* Build configuration list for PBXNativeTarget "MPCF_Multistream_test-swift" */ = {
			isa = XCConfigurationList;
			buildConfigurations = (
				D3F3B0371D5A3D14003C6664 /* Debug */,
				D3F3B0381D5A3D14003C6664 /* Release */,
			);
			defaultConfigurationIsVisible = 0;
		};
		D3F3B0391D5A3D14003C6664 /* Build configuration list for PBXNativeTarget "MPCF_Multistream_test-swiftTests" */ = {
			isa = XCConfigurationList;
			buildConfigurations = (
				D3F3B03A1D5A3D14003C6664 /* Debug */,
				D3F3B03B1D5A3D14003C6664 /* Release */,
			);
			defaultConfigurationIsVisible = 0;
		};
/* End XCConfigurationList section */
	};
	rootObject = D3F3B0111D5A3D14003C6664 /* Project object */;
}
